// !$*UTF8*$!
{
	archiveVersion = 1;
	classes = {
	};
	objectVersion = 46;
	objects = {

/* Begin PBXBuildFile section */
		6EB84BCE1E2003ED00603C63 /* AppDelegate.swift in Sources */ = {isa = PBXBuildFile; fileRef = 6EB84BCD1E2003ED00603C63 /* AppDelegate.swift */; };
		6EB84BD01E2003ED00603C63 /* ViewController.swift in Sources */ = {isa = PBXBuildFile; fileRef = 6EB84BCF1E2003ED00603C63 /* ViewController.swift */; };
		6EB84BD31E2003ED00603C63 /* Main.storyboard in Resources */ = {isa = PBXBuildFile; fileRef = 6EB84BD11E2003ED00603C63 /* Main.storyboard */; };
		6EB84BD51E2003ED00603C63 /* Assets.xcassets in Resources */ = {isa = PBXBuildFile; fileRef = 6EB84BD41E2003ED00603C63 /* Assets.xcassets */; };
		6EB84BD81E2003ED00603C63 /* LaunchScreen.storyboard in Resources */ = {isa = PBXBuildFile; fileRef = 6EB84BD61E2003ED00603C63 /* LaunchScreen.storyboard */; };
		6EB84BE31E2003ED00603C63 /* RunningToolkitTests.swift in Sources */ = {isa = PBXBuildFile; fileRef = 6EB84BE21E2003ED00603C63 /* RunningToolkitTests.swift */; };
		6EB84BEE1E2003ED00603C63 /* RunningToolkitUITests.swift in Sources */ = {isa = PBXBuildFile; fileRef = 6EB84BED1E2003ED00603C63 /* RunningToolkitUITests.swift */; };
/* End PBXBuildFile section */

/* Begin PBXContainerItemProxy section */
		6EB84BDF1E2003ED00603C63 /* PBXContainerItemProxy */ = {
			isa = PBXContainerItemProxy;
			containerPortal = 6EB84BC21E2003ED00603C63 /* Project object */;
			proxyType = 1;
			remoteGlobalIDString = 6EB84BC91E2003ED00603C63;
			remoteInfo = RunningToolkit;
		};
		6EB84BEA1E2003ED00603C63 /* PBXContainerItemProxy */ = {
			isa = PBXContainerItemProxy;
			containerPortal = 6EB84BC21E2003ED00603C63 /* Project object */;
			proxyType = 1;
			remoteGlobalIDString = 6EB84BC91E2003ED00603C63;
			remoteInfo = RunningToolkit;
		};
/* End PBXContainerItemProxy section */

/* Begin PBXFileReference section */
		6EB84BCA1E2003ED00603C63 /* RunningToolkit.app */ = {isa = PBXFileReference; explicitFileType = wrapper.application; includeInIndex = 0; path = RunningToolkit.app; sourceTree = BUILT_PRODUCTS_DIR; };
		6EB84BCD1E2003ED00603C63 /* AppDelegate.swift */ = {isa = PBXFileReference; lastKnownFileType = sourcecode.swift; path = AppDelegate.swift; sourceTree = "<group>"; };
		6EB84BCF1E2003ED00603C63 /* ViewController.swift */ = {isa = PBXFileReference; lastKnownFileType = sourcecode.swift; path = ViewController.swift; sourceTree = "<group>"; };
		6EB84BD21E2003ED00603C63 /* Base */ = {isa = PBXFileReference; lastKnownFileType = file.storyboard; name = Base; path = Base.lproj/Main.storyboard; sourceTree = "<group>"; };
		6EB84BD41E2003ED00603C63 /* Assets.xcassets */ = {isa = PBXFileReference; lastKnownFileType = folder.assetcatalog; path = Assets.xcassets; sourceTree = "<group>"; };
		6EB84BD71E2003ED00603C63 /* Base */ = {isa = PBXFileReference; lastKnownFileType = file.storyboard; name = Base; path = Base.lproj/LaunchScreen.storyboard; sourceTree = "<group>"; };
		6EB84BD91E2003ED00603C63 /* Info.plist */ = {isa = PBXFileReference; lastKnownFileType = text.plist.xml; path = Info.plist; sourceTree = "<group>"; };
		6EB84BDE1E2003ED00603C63 /* RunningToolkitTests.xctest */ = {isa = PBXFileReference; explicitFileType = wrapper.cfbundle; includeInIndex = 0; path = RunningToolkitTests.xctest; sourceTree = BUILT_PRODUCTS_DIR; };
		6EB84BE21E2003ED00603C63 /* RunningToolkitTests.swift */ = {isa = PBXFileReference; lastKnownFileType = sourcecode.swift; path = RunningToolkitTests.swift; sourceTree = "<group>"; };
		6EB84BE41E2003ED00603C63 /* Info.plist */ = {isa = PBXFileReference; lastKnownFileType = text.plist.xml; path = Info.plist; sourceTree = "<group>"; };
		6EB84BE91E2003ED00603C63 /* RunningToolkitUITests.xctest */ = {isa = PBXFileReference; explicitFileType = wrapper.cfbundle; includeInIndex = 0; path = RunningToolkitUITests.xctest; sourceTree = BUILT_PRODUCTS_DIR; };
		6EB84BED1E2003ED00603C63 /* RunningToolkitUITests.swift */ = {isa = PBXFileReference; lastKnownFileType = sourcecode.swift; path = RunningToolkitUITests.swift; sourceTree = "<group>"; };
		6EB84BEF1E2003ED00603C63 /* Info.plist */ = {isa = PBXFileReference; lastKnownFileType = text.plist.xml; path = Info.plist; sourceTree = "<group>"; };
/* End PBXFileReference section */

/* Begin PBXFrameworksBuildPhase section */
		6EB84BC71E2003ED00603C63 /* Frameworks */ = {
			isa = PBXFrameworksBuildPhase;
			buildActionMask = 2147483647;
			files = (
			);
			runOnlyForDeploymentPostprocessing = 0;
		};
		6EB84BDB1E2003ED00603C63 /* Frameworks */ = {
			isa = PBXFrameworksBuildPhase;
			buildActionMask = 2147483647;
			files = (
			);
			runOnlyForDeploymentPostprocessing = 0;
		};
		6EB84BE61E2003ED00603C63 /* Frameworks */ = {
			isa = PBXFrameworksBuildPhase;
			buildActionMask = 2147483647;
			files = (
			);
			runOnlyForDeploymentPostprocessing = 0;
		};
/* End PBXFrameworksBuildPhase section */

/* Begin PBXGroup section */
		6EB84BC11E2003ED00603C63 = {
			isa = PBXGroup;
			children = (
				6EB84BCC1E2003ED00603C63 /* RunningToolkit */,
				6EB84BE11E2003ED00603C63 /* RunningToolkitTests */,
				6EB84BEC1E2003ED00603C63 /* RunningToolkitUITests */,
				6EB84BCB1E2003ED00603C63 /* Products */,
			);
			sourceTree = "<group>";
		};
		6EB84BCB1E2003ED00603C63 /* Products */ = {
			isa = PBXGroup;
			children = (
				6EB84BCA1E2003ED00603C63 /* RunningToolkit.app */,
				6EB84BDE1E2003ED00603C63 /* RunningToolkitTests.xctest */,
				6EB84BE91E2003ED00603C63 /* RunningToolkitUITests.xctest */,
			);
			name = Products;
			sourceTree = "<group>";
		};
		6EB84BCC1E2003ED00603C63 /* RunningToolkit */ = {
			isa = PBXGroup;
			children = (
				6EB84BCD1E2003ED00603C63 /* AppDelegate.swift */,
				6EB84BCF1E2003ED00603C63 /* ViewController.swift */,
				6EB84BD11E2003ED00603C63 /* Main.storyboard */,
				6EB84BD41E2003ED00603C63 /* Assets.xcassets */,
				6EB84BD61E2003ED00603C63 /* LaunchScreen.storyboard */,
				6EB84BD91E2003ED00603C63 /* Info.plist */,
			);
			path = RunningToolkit;
			sourceTree = "<group>";
		};
		6EB84BE11E2003ED00603C63 /* RunningToolkitTests */ = {
			isa = PBXGroup;
			children = (
				6EB84BE21E2003ED00603C63 /* RunningToolkitTests.swift */,
				6EB84BE41E2003ED00603C63 /* Info.plist */,
			);
			path = RunningToolkitTests;
			sourceTree = "<group>";
		};
		6EB84BEC1E2003ED00603C63 /* RunningToolkitUITests */ = {
			isa = PBXGroup;
			children = (
				6EB84BED1E2003ED00603C63 /* RunningToolkitUITests.swift */,
				6EB84BEF1E2003ED00603C63 /* Info.plist */,
			);
			path = RunningToolkitUITests;
			sourceTree = "<group>";
		};
/* End PBXGroup section */

/* Begin PBXNativeTarget section */
		6EB84BC91E2003ED00603C63 /* RunningToolkit */ = {
			isa = PBXNativeTarget;
			buildConfigurationList = 6EB84BF21E2003ED00603C63 /* Build configuration list for PBXNativeTarget "RunningToolkit" */;
			buildPhases = (
				6EB84BC61E2003ED00603C63 /* Sources */,
				6EB84BC71E2003ED00603C63 /* Frameworks */,
				6EB84BC81E2003ED00603C63 /* Resources */,
			);
			buildRules = (
			);
			dependencies = (
			);
			name = RunningToolkit;
			productName = RunningToolkit;
			productReference = 6EB84BCA1E2003ED00603C63 /* RunningToolkit.app */;
			productType = "com.apple.product-type.application";
		};
		6EB84BDD1E2003ED00603C63 /* RunningToolkitTests */ = {
			isa = PBXNativeTarget;
			buildConfigurationList = 6EB84BF51E2003ED00603C63 /* Build configuration list for PBXNativeTarget "RunningToolkitTests" */;
			buildPhases = (
				6EB84BDA1E2003ED00603C63 /* Sources */,
				6EB84BDB1E2003ED00603C63 /* Frameworks */,
				6EB84BDC1E2003ED00603C63 /* Resources */,
			);
			buildRules = (
			);
			dependencies = (
				6EB84BE01E2003ED00603C63 /* PBXTargetDependency */,
			);
			name = RunningToolkitTests;
			productName = RunningToolkitTests;
			productReference = 6EB84BDE1E2003ED00603C63 /* RunningToolkitTests.xctest */;
			productType = "com.apple.product-type.bundle.unit-test";
		};
		6EB84BE81E2003ED00603C63 /* RunningToolkitUITests */ = {
			isa = PBXNativeTarget;
			buildConfigurationList = 6EB84BF81E2003ED00603C63 /* Build configuration list for PBXNativeTarget "RunningToolkitUITests" */;
			buildPhases = (
				6EB84BE51E2003ED00603C63 /* Sources */,
				6EB84BE61E2003ED00603C63 /* Frameworks */,
				6EB84BE71E2003ED00603C63 /* Resources */,
			);
			buildRules = (
			);
			dependencies = (
				6EB84BEB1E2003ED00603C63 /* PBXTargetDependency */,
			);
			name = RunningToolkitUITests;
			productName = RunningToolkitUITests;
			productReference = 6EB84BE91E2003ED00603C63 /* RunningToolkitUITests.xctest */;
			productType = "com.apple.product-type.bundle.ui-testing";
		};
/* End PBXNativeTarget section */

/* Begin PBXProject section */
		6EB84BC21E2003ED00603C63 /* Project object */ = {
			isa = PBXProject;
			attributes = {
				LastSwiftUpdateCheck = 0820;
				LastUpgradeCheck = 0820;
				ORGANIZATIONNAME = "Brandon Mazzarella";
				TargetAttributes = {
					6EB84BC91E2003ED00603C63 = {
						CreatedOnToolsVersion = 8.2.1;
						ProvisioningStyle = Automatic;
					};
					6EB84BDD1E2003ED00603C63 = {
						CreatedOnToolsVersion = 8.2.1;
						ProvisioningStyle = Automatic;
						TestTargetID = 6EB84BC91E2003ED00603C63;
					};
					6EB84BE81E2003ED00603C63 = {
						CreatedOnToolsVersion = 8.2.1;
						ProvisioningStyle = Automatic;
						TestTargetID = 6EB84BC91E2003ED00603C63;
					};
				};
			};
			buildConfigurationList = 6EB84BC51E2003ED00603C63 /* Build configuration list for PBXProject "RunningToolkit" */;
			compatibilityVersion = "Xcode 3.2";
			developmentRegion = English;
			hasScannedForEncodings = 0;
			knownRegions = (
				en,
				Base,
			);
			mainGroup = 6EB84BC11E2003ED00603C63;
			productRefGroup = 6EB84BCB1E2003ED00603C63 /* Products */;
			projectDirPath = "";
			projectRoot = "";
			targets = (
				6EB84BC91E2003ED00603C63 /* RunningToolkit */,
				6EB84BDD1E2003ED00603C63 /* RunningToolkitTests */,
				6EB84BE81E2003ED00603C63 /* RunningToolkitUITests */,
			);
		};
/* End PBXProject section */

/* Begin PBXResourcesBuildPhase section */
		6EB84BC81E2003ED00603C63 /* Resources */ = {
			isa = PBXResourcesBuildPhase;
			buildActionMask = 2147483647;
			files = (
				6EB84BD81E2003ED00603C63 /* LaunchScreen.storyboard in Resources */,
				6EB84BD51E2003ED00603C63 /* Assets.xcassets in Resources */,
				6EB84BD31E2003ED00603C63 /* Main.storyboard in Resources */,
			);
			runOnlyForDeploymentPostprocessing = 0;
		};
		6EB84BDC1E2003ED00603C63 /* Resources */ = {
			isa = PBXResourcesBuildPhase;
			buildActionMask = 2147483647;
			files = (
			);
			runOnlyForDeploymentPostprocessing = 0;
		};
		6EB84BE71E2003ED00603C63 /* Resources */ = {
			isa = PBXResourcesBuildPhase;
			buildActionMask = 2147483647;
			files = (
			);
			runOnlyForDeploymentPostprocessing = 0;
		};
/* End PBXResourcesBuildPhase section */

/* Begin PBXSourcesBuildPhase section */
		6EB84BC61E2003ED00603C63 /* Sources */ = {
			isa = PBXSourcesBuildPhase;
			buildActionMask = 2147483647;
			files = (
				6EB84BD01E2003ED00603C63 /* ViewController.swift in Sources */,
				6EB84BCE1E2003ED00603C63 /* AppDelegate.swift in Sources */,
			);
			runOnlyForDeploymentPostprocessing = 0;
		};
		6EB84BDA1E2003ED00603C63 /* Sources */ = {
			isa = PBXSourcesBuildPhase;
			buildActionMask = 2147483647;
			files = (
				6EB84BE31E2003ED00603C63 /* RunningToolkitTests.swift in Sources */,
			);
			runOnlyForDeploymentPostprocessing = 0;
		};
		6EB84BE51E2003ED00603C63 /* Sources */ = {
			isa = PBXSourcesBuildPhase;
			buildActionMask = 2147483647;
			files = (
				6EB84BEE1E2003ED00603C63 /* RunningToolkitUITests.swift in Sources */,
			);
			runOnlyForDeploymentPostprocessing = 0;
		};
/* End PBXSourcesBuildPhase section */

/* Begin PBXTargetDependency section */
		6EB84BE01E2003ED00603C63 /* PBXTargetDependency */ = {
			isa = PBXTargetDependency;
			target = 6EB84BC91E2003ED00603C63 /* RunningToolkit */;
			targetProxy = 6EB84BDF1E2003ED00603C63 /* PBXContainerItemProxy */;
		};
		6EB84BEB1E2003ED00603C63 /* PBXTargetDependency */ = {
			isa = PBXTargetDependency;
			target = 6EB84BC91E2003ED00603C63 /* RunningToolkit */;
			targetProxy = 6EB84BEA1E2003ED00603C63 /* PBXContainerItemProxy */;
		};
/* End PBXTargetDependency section */

/* Begin PBXVariantGroup section */
		6EB84BD11E2003ED00603C63 /* Main.storyboard */ = {
			isa = PBXVariantGroup;
			children = (
				6EB84BD21E2003ED00603C63 /* Base */,
			);
			name = Main.storyboard;
			sourceTree = "<group>";
		};
		6EB84BD61E2003ED00603C63 /* LaunchScreen.storyboard */ = {
			isa = PBXVariantGroup;
			children = (
				6EB84BD71E2003ED00603C63 /* Base */,
			);
			name = LaunchScreen.storyboard;
			sourceTree = "<group>";
		};
/* End PBXVariantGroup section */

/* Begin XCBuildConfiguration section */
		6EB84BF01E2003ED00603C63 /* Debug */ = {
			isa = XCBuildConfiguration;
			buildSettings = {
				ALWAYS_SEARCH_USER_PATHS = NO;
				CLANG_ANALYZER_NONNULL = YES;
				CLANG_CXX_LANGUAGE_STANDARD = "gnu++0x";
				CLANG_CXX_LIBRARY = "libc++";
				CLANG_ENABLE_MODULES = YES;
				CLANG_ENABLE_OBJC_ARC = YES;
				CLANG_WARN_BOOL_CONVERSION = YES;
				CLANG_WARN_CONSTANT_CONVERSION = YES;
				CLANG_WARN_DIRECT_OBJC_ISA_USAGE = YES_ERROR;
				CLANG_WARN_DOCUMENTATION_COMMENTS = YES;
				CLANG_WARN_EMPTY_BODY = YES;
				CLANG_WARN_ENUM_CONVERSION = YES;
				CLANG_WARN_INFINITE_RECURSION = YES;
				CLANG_WARN_INT_CONVERSION = YES;
				CLANG_WARN_OBJC_ROOT_CLASS = YES_ERROR;
				CLANG_WARN_SUSPICIOUS_MOVE = YES;
				CLANG_WARN_UNREACHABLE_CODE = YES;
				CLANG_WARN__DUPLICATE_METHOD_MATCH = YES;
				"CODE_SIGN_IDENTITY[sdk=iphoneos*]" = "iPhone Developer";
				COPY_PHASE_STRIP = NO;
				DEBUG_INFORMATION_FORMAT = dwarf;
				ENABLE_STRICT_OBJC_MSGSEND = YES;
				ENABLE_TESTABILITY = YES;
				GCC_C_LANGUAGE_STANDARD = gnu99;
				GCC_DYNAMIC_NO_PIC = NO;
				GCC_NO_COMMON_BLOCKS = YES;
				GCC_OPTIMIZATION_LEVEL = 0;
				GCC_PREPROCESSOR_DEFINITIONS = (
					"DEBUG=1",
					"$(inherited)",
				);
				GCC_WARN_64_TO_32_BIT_CONVERSION = YES;
				GCC_WARN_ABOUT_RETURN_TYPE = YES_ERROR;
				GCC_WARN_UNDECLARED_SELECTOR = YES;
				GCC_WARN_UNINITIALIZED_AUTOS = YES_AGGRESSIVE;
				GCC_WARN_UNUSED_FUNCTION = YES;
				GCC_WARN_UNUSED_VARIABLE = YES;
				IPHONEOS_DEPLOYMENT_TARGET = 10.2;
				MTL_ENABLE_DEBUG_INFO = YES;
				ONLY_ACTIVE_ARCH = YES;
				SDKROOT = iphoneos;
				SWIFT_ACTIVE_COMPILATION_CONDITIONS = DEBUG;
				SWIFT_OPTIMIZATION_LEVEL = "-Onone";
				TARGETED_DEVICE_FAMILY = "1,2";
			};
			name = Debug;
		};
		6EB84BF11E2003ED00603C63 /* Release */ = {
			isa = XCBuildConfiguration;
			buildSettings = {
				ALWAYS_SEARCH_USER_PATHS = NO;
				CLANG_ANALYZER_NONNULL = YES;
				CLANG_CXX_LANGUAGE_STANDARD = "gnu++0x";
				CLANG_CXX_LIBRARY = "libc++";
				CLANG_ENABLE_MODULES = YES;
				CLANG_ENABLE_OBJC_ARC = YES;
				CLANG_WARN_BOOL_CONVERSION = YES;
				CLANG_WARN_CONSTANT_CONVERSION = YES;
				CLANG_WARN_DIRECT_OBJC_ISA_USAGE = YES_ERROR;
				CLANG_WARN_DOCUMENTATION_COMMENTS = YES;
				CLANG_WARN_EMPTY_BODY = YES;
				CLANG_WARN_ENUM_CONVERSION = YES;
				CLANG_WARN_INFINITE_RECURSION = YES;
				CLANG_WARN_INT_CONVERSION = YES;
				CLANG_WARN_OBJC_ROOT_CLASS = YES_ERROR;
				CLANG_WARN_SUSPICIOUS_MOVE = YES;
				CLANG_WARN_UNREACHABLE_CODE = YES;
				CLANG_WARN__DUPLICATE_METHOD_MATCH = YES;
				"CODE_SIGN_IDENTITY[sdk=iphoneos*]" = "iPhone Developer";
				COPY_PHASE_STRIP = NO;
				DEBUG_INFORMATION_FORMAT = "dwarf-with-dsym";
				ENABLE_NS_ASSERTIONS = NO;
				ENABLE_STRICT_OBJC_MSGSEND = YES;
				GCC_C_LANGUAGE_STANDARD = gnu99;
				GCC_NO_COMMON_BLOCKS = YES;
				GCC_WARN_64_TO_32_BIT_CONVERSION = YES;
				GCC_WARN_ABOUT_RETURN_TYPE = YES_ERROR;
				GCC_WARN_UNDECLARED_SELECTOR = YES;
				GCC_WARN_UNINITIALIZED_AUTOS = YES_AGGRESSIVE;
				GCC_WARN_UNUSED_FUNCTION = YES;
				GCC_WARN_UNUSED_VARIABLE = YES;
				IPHONEOS_DEPLOYMENT_TARGET = 10.2;
				MTL_ENABLE_DEBUG_INFO = NO;
				SDKROOT = iphoneos;
				SWIFT_OPTIMIZATION_LEVEL = "-Owholemodule";
				TARGETED_DEVICE_FAMILY = "1,2";
				VALIDATE_PRODUCT = YES;
			};
			name = Release;
		};
		6EB84BF31E2003ED00603C63 /* Debug */ = {
			isa = XCBuildConfiguration;
			buildSettings = {
				ASSETCATALOG_COMPILER_APPICON_NAME = AppIcon;
				INFOPLIST_FILE = RunningToolkit/Info.plist;
				LD_RUNPATH_SEARCH_PATHS = "$(inherited) @executable_path/Frameworks";
				PRODUCT_BUNDLE_IDENTIFIER = Final.RunningToolkit;
				PRODUCT_NAME = "$(TARGET_NAME)";
				SWIFT_VERSION = 3.0;
			};
			name = Debug;
		};
		6EB84BF41E2003ED00603C63 /* Release */ = {
			isa = XCBuildConfiguration;
			buildSettings = {
				ASSETCATALOG_COMPILER_APPICON_NAME = AppIcon;
				INFOPLIST_FILE = RunningToolkit/Info.plist;
				LD_RUNPATH_SEARCH_PATHS = "$(inherited) @executable_path/Frameworks";
				PRODUCT_BUNDLE_IDENTIFIER = Final.RunningToolkit;
				PRODUCT_NAME = "$(TARGET_NAME)";
				SWIFT_VERSION = 3.0;
			};
			name = Release;
		};
		6EB84BF61E2003ED00603C63 /* Debug */ = {
			isa = XCBuildConfiguration;
			buildSettings = {
				ALWAYS_EMBED_SWIFT_STANDARD_LIBRARIES = YES;
				BUNDLE_LOADER = "$(TEST_HOST)";
				INFOPLIST_FILE = RunningToolkitTests/Info.plist;
				LD_RUNPATH_SEARCH_PATHS = "$(inherited) @executable_path/Frameworks @loader_path/Frameworks";
				PRODUCT_BUNDLE_IDENTIFIER = Final.RunningToolkitTests;
				PRODUCT_NAME = "$(TARGET_NAME)";
				SWIFT_VERSION = 3.0;
				TEST_HOST = "$(BUILT_PRODUCTS_DIR)/RunningToolkit.app/RunningToolkit";
			};
			name = Debug;
		};
		6EB84BF71E2003ED00603C63 /* Release */ = {
			isa = XCBuildConfiguration;
			buildSettings = {
				ALWAYS_EMBED_SWIFT_STANDARD_LIBRARIES = YES;
				BUNDLE_LOADER = "$(TEST_HOST)";
				INFOPLIST_FILE = RunningToolkitTests/Info.plist;
				LD_RUNPATH_SEARCH_PATHS = "$(inherited) @executable_path/Frameworks @loader_path/Frameworks";
				PRODUCT_BUNDLE_IDENTIFIER = Final.RunningToolkitTests;
				PRODUCT_NAME = "$(TARGET_NAME)";
				SWIFT_VERSION = 3.0;
				TEST_HOST = "$(BUILT_PRODUCTS_DIR)/RunningToolkit.app/RunningToolkit";
			};
			name = Release;
		};
		6EB84BF91E2003ED00603C63 /* Debug */ = {
			isa = XCBuildConfiguration;
			buildSettings = {
				ALWAYS_EMBED_SWIFT_STANDARD_LIBRARIES = YES;
				INFOPLIST_FILE = RunningToolkitUITests/Info.plist;
				LD_RUNPATH_SEARCH_PATHS = "$(inherited) @executable_path/Frameworks @loader_path/Frameworks";
				PRODUCT_BUNDLE_IDENTIFIER = Final.RunningToolkitUITests;
				PRODUCT_NAME = "$(TARGET_NAME)";
				SWIFT_VERSION = 3.0;
				TEST_TARGET_NAME = RunningToolkit;
			};
			name = Debug;
		};
		6EB84BFA1E2003ED00603C63 /* Release */ = {
			isa = XCBuildConfiguration;
			buildSettings = {
				ALWAYS_EMBED_SWIFT_STANDARD_LIBRARIES = YES;
				INFOPLIST_FILE = RunningToolkitUITests/Info.plist;
				LD_RUNPATH_SEARCH_PATHS = "$(inherited) @executable_path/Frameworks @loader_path/Frameworks";
				PRODUCT_BUNDLE_IDENTIFIER = Final.RunningToolkitUITests;
				PRODUCT_NAME = "$(TARGET_NAME)";
				SWIFT_VERSION = 3.0;
				TEST_TARGET_NAME = RunningToolkit;
			};
			name = Release;
		};
/* End XCBuildConfiguration section */

/* Begin XCConfigurationList section */
		6EB84BC51E2003ED00603C63 /* Build configuration list for PBXProject "RunningToolkit" */ = {
			isa = XCConfigurationList;
			buildConfigurations = (
				6EB84BF01E2003ED00603C63 /* Debug */,
				6EB84BF11E2003ED00603C63 /* Release */,
			);
			defaultConfigurationIsVisible = 0;
			defaultConfigurationName = Release;
		};
		6EB84BF21E2003ED00603C63 /* Build configuration list for PBXNativeTarget "RunningToolkit" */ = {
			isa = XCConfigurationList;
			buildConfigurations = (
				6EB84BF31E2003ED00603C63 /* Debug */,
				6EB84BF41E2003ED00603C63 /* Release */,
			);
			defaultConfigurationIsVisible = 0;
		};
		6EB84BF51E2003ED00603C63 /* Build configuration list for PBXNativeTarget "RunningToolkitTests" */ = {
			isa = XCConfigurationList;
			buildConfigurations = (
				6EB84BF61E2003ED00603C63 /* Debug */,
				6EB84BF71E2003ED00603C63 /* Release */,
			);
			defaultConfigurationIsVisible = 0;
		};
		6EB84BF81E2003ED00603C63 /* Build configuration list for PBXNativeTarget "RunningToolkitUITests" */ = {
			isa = XCConfigurationList;
			buildConfigurations = (
				6EB84BF91E2003ED00603C63 /* Debug */,
				6EB84BFA1E2003ED00603C63 /* Release */,
			);
			defaultConfigurationIsVisible = 0;
		};
/* End XCConfigurationList section */
	};
	rootObject = 6EB84BC21E2003ED00603C63 /* Project object */;
}
